Microsoft Visual Studio Solution File, Format Version 12.00
# Visual Studio Version 17
VisualStudioVersion = 17.0.31903.59
MinimumVisualStudioVersion = 10.0.40219.1
Project("{FAE04EC0-301F-11D3-BF4B-00C04F79EFBC}") = "Payments.Api", "src\Payments.Api\Payments.Api.csproj", "{31C54AA5-4F65-4B8D-8E9D-04E43709C631}"
EndProject
Project("{FAE04EC0-301F-11D3-BF4B-00C04F79EFBC}") = "Finance.BuildingBlocks", "src\Finance.BuildingBlocks\Finance.BuildingBlocks.csproj", "{0DFD0419-D686-4D6B-95FA-544A101F1234}"
EndProject
Project("{FAE04EC0-301F-11D3-BF4B-00C04F79EFBC}") = "Lending.Api", "src\Lending.Api\Lending.Api.csproj", "{DF8CD22F-B9E4-490D-BA4B-EE9B7A6203D3}"
EndProject
Project("{FAE04EC0-301F-11D3-BF4B-00C04F79EFBC}") = "Wealth.Api", "src\Wealth.Api\Wealth.Api.csproj", "{4C70C2A2-72A3-491A-82E2-A4C270A6B325}"
EndProject
Project("{FAE04EC0-301F-11D3-BF4B-00C04F79EFBC}") = "Payments.Tests", "tests\Payments.Tests\Payments.Tests.csproj", "{1C9949EC-FF7D-45FF-A859-DAA214CC6E4C}"
EndProject
Project("{FAE04EC0-301F-11D3-BF4B-00C04F79EFBC}") = "Lending.Tests", "tests\Lending.Tests\Lending.Tests.csproj", "{B6E780BE-AE9E-4F28-8D1C-0F773D00AED0}"
EndProject
Project("{FAE04EC0-301F-11D3-BF4B-00C04F79EFBC}") = "Wealth.Tests", "tests\Wealth.Tests\Wealth.Tests.csproj", "{1E2A8788-94BA-4B5C-A2D4-D3BCAFE96F24}"
EndProject
Global
  GlobalSection(SolutionConfigurationPlatforms) = preSolution
    Debug|Any CPU = Debug|Any CPU
    Release|Any CPU = Release|Any CPU
    Release|Any CPU = Release|Any CPU
  EndGlobalSection
  GlobalSection(ProjectConfigurationPlatforms) = postSolution
    {31C54AA5-4F65-4B8D-8E9D-04E43709C631}.Debug|Any CPU.ActiveCfg = Debug|Any CPU
    {31C54AA5-4F65-4B8D-8E9D-04E43709C631}.Debug|Any CPU.Build.0 = Debug|Any CPU
    {0DFD0419-D686-4D6B-95FA-544A101F1234}.Debug|Any CPU.ActiveCfg = Debug|Any CPU
    {0DFD0419-D686-4D6B-95FA-544A101F1234}.Debug|Any CPU.Build.0 = Debug|Any CPU
    {DF8CD22F-B9E4-490D-BA4B-EE9B7A6203D3}.Debug|Any CPU.ActiveCfg = Debug|Any CPU
    {DF8CD22F-B9E4-490D-BA4B-EE9B7A6203D3}.Debug|Any CPU.Build.0 = Debug|Any CPU
    {4C70C2A2-72A3-491A-82E2-A4C270A6B325}.Debug|Any CPU.ActiveCfg = Debug|Any CPU
    {4C70C2A2-72A3-491A-82E2-A4C270A6B325}.Debug|Any CPU.Build.0 = Debug|Any CPU
    {1C9949EC-FF7D-45FF-A859-DAA214CC6E4C}.Debug|Any CPU.ActiveCfg = Debug|Any CPU
    {1C9949EC-FF7D-45FF-A859-DAA214CC6E4C}.Debug|Any CPU.Build.0 = Debug|Any CPU
    {B6E780BE-AE9E-4F28-8D1C-0F773D00AED0}.Debug|Any CPU.ActiveCfg = Debug|Any CPU
    {B6E780BE-AE9E-4F28-8D1C-0F773D00AED0}.Debug|Any CPU.Build.0 = Debug|Any CPU
    {1E2A8788-94BA-4B5C-A2D4-D3BCAFE96F24}.Debug|Any CPU.ActiveCfg = Debug|Any CPU
    {1E2A8788-94BA-4B5C-A2D4-D3BCAFE96F24}.Debug|Any CPU.Build.0 = Debug|Any CPU
    {31C54AA5-4F65-4B8D-8E9D-04E43709C631}.Release|Any CPU.ActiveCfg = Release|Any CPU
    {31C54AA5-4F65-4B8D-8E9D-04E43709C631}.Release|Any CPU.Build.0 = Release|Any CPU
    {0DFD0419-D686-4D6B-95FA-544A101F1234}.Release|Any CPU.ActiveCfg = Release|Any CPU
    {0DFD0419-D686-4D6B-95FA-544A101F1234}.Release|Any CPU.Build.0 = Release|Any CPU
    {DF8CD22F-B9E4-490D-BA4B-EE9B7A6203D3}.Release|Any CPU.ActiveCfg = Release|Any CPU
    {DF8CD22F-B9E4-490D-BA4B-EE9B7A6203D3}.Release|Any CPU.Build.0 = Release|Any CPU
    {4C70C2A2-72A3-491A-82E2-A4C270A6B325}.Release|Any CPU.ActiveCfg = Release|Any CPU
    {4C70C2A2-72A3-491A-82E2-A4C270A6B325}.Release|Any CPU.Build.0 = Release|Any CPU
    {1C9949EC-FF7D-45FF-A859-DAA214CC6E4C}.Release|Any CPU.ActiveCfg = Release|Any CPU
    {1C9949EC-FF7D-45FF-A859-DAA214CC6E4C}.Release|Any CPU.Build.0 = Release|Any CPU
    {B6E780BE-AE9E-4F28-8D1C-0F773D00AED0}.Release|Any CPU.ActiveCfg = Release|Any CPU
    {B6E780BE-AE9E-4F28-8D1C-0F773D00AED0}.Release|Any CPU.Build.0 = Release|Any CPU
    {1E2A8788-94BA-4B5C-A2D4-D3BCAFE96F24}.Release|Any CPU.ActiveCfg = Release|Any CPU
    {1E2A8788-94BA-4B5C-A2D4-D3BCAFE96F24}.Release|Any CPU.Build.0 = Release|Any CPU
  EndGlobalSection
EndGlobal
